// !$*UTF8*$!
{
	archiveVersion = 1;
	classes = {
	};
	objectVersion = 56;
	objects = {

/* Begin PBXBuildFile section */
		BE1FA4A62B04CBEE00FF9E0F /* ShortcutApp.swift in Sources */ = {isa = PBXBuildFile; fileRef = BE1FA4A52B04CBEE00FF9E0F /* ShortcutApp.swift */; };
		BE1FA4A82B04CBEE00FF9E0F /* ContentView.swift in Sources */ = {isa = PBXBuildFile; fileRef = BE1FA4A72B04CBEE00FF9E0F /* ContentView.swift */; };
		BE1FA4AA2B04CBEE00FF9E0F /* Assets.xcassets in Resources */ = {isa = PBXBuildFile; fileRef = BE1FA4A92B04CBEE00FF9E0F /* Assets.xcassets */; };
		BE1FA4AD2B04CBEE00FF9E0F /* Preview Assets.xcassets in Resources */ = {isa = PBXBuildFile; fileRef = BE1FA4AC2B04CBEE00FF9E0F /* Preview Assets.xcassets */; };
		BE1FA4B42B04D81D00FF9E0F /* ShortcutView.swift in Sources */ = {isa = PBXBuildFile; fileRef = BE1FA4B32B04D81D00FF9E0F /* ShortcutView.swift */; };
		BE1FA4B62B04D83400FF9E0F /* AutomationView.swift in Sources */ = {isa = PBXBuildFile; fileRef = BE1FA4B52B04D83400FF9E0F /* AutomationView.swift */; };
		BE1FA4B82B04D86C00FF9E0F /* GalleryView.swift in Sources */ = {isa = PBXBuildFile; fileRef = BE1FA4B72B04D86C00FF9E0F /* GalleryView.swift */; };
		BECF786E2B0B5BAA005CD836 /* TextToAudioView.swift in Sources */ = {isa = PBXBuildFile; fileRef = BECF786D2B0B5BAA005CD836 /* TextToAudioView.swift */; };
		BECF78702B0B5D62005CD836 /* QuickShortcutsView.swift in Sources */ = {isa = PBXBuildFile; fileRef = BECF786F2B0B5D62005CD836 /* QuickShortcutsView.swift */; };
/* End PBXBuildFile section */

/* Begin PBXFileReference section */
		BE1FA4A22B04CBEE00FF9E0F /* Shortcut.app */ = {isa = PBXFileReference; explicitFileType = wrapper.application; includeInIndex = 0; path = Shortcut.app; sourceTree = BUILT_PRODUCTS_DIR; };
		BE1FA4A52B04CBEE00FF9E0F /* ShortcutApp.swift */ = {isa = PBXFileReference; lastKnownFileType = sourcecode.swift; path = ShortcutApp.swift; sourceTree = "<group>"; };
		BE1FA4A72B04CBEE00FF9E0F /* ContentView.swift */ = {isa = PBXFileReference; lastKnownFileType = sourcecode.swift; path = ContentView.swift; sourceTree = "<group>"; };
		BE1FA4A92B04CBEE00FF9E0F /* Assets.xcassets */ = {isa = PBXFileReference; lastKnownFileType = folder.assetcatalog; path = Assets.xcassets; sourceTree = "<group>"; };
		BE1FA4AC2B04CBEE00FF9E0F /* Preview Assets.xcassets */ = {isa = PBXFileReference; lastKnownFileType = folder.assetcatalog; path = "Preview Assets.xcassets"; sourceTree = "<group>"; };
		BE1FA4B32B04D81D00FF9E0F /* ShortcutView.swift */ = {isa = PBXFileReference; lastKnownFileType = sourcecode.swift; path = ShortcutView.swift; sourceTree = "<group>"; };
		BE1FA4B52B04D83400FF9E0F /* AutomationView.swift */ = {isa = PBXFileReference; lastKnownFileType = sourcecode.swift; path = AutomationView.swift; sourceTree = "<group>"; };
		BE1FA4B72B04D86C00FF9E0F /* GalleryView.swift */ = {isa = PBXFileReference; lastKnownFileType = sourcecode.swift; path = GalleryView.swift; sourceTree = "<group>"; };
		BECF786D2B0B5BAA005CD836 /* TextToAudioView.swift */ = {isa = PBXFileReference; lastKnownFileType = sourcecode.swift; path = TextToAudioView.swift; sourceTree = "<group>"; };
		BECF786F2B0B5D62005CD836 /* QuickShortcutsView.swift */ = {isa = PBXFileReference; lastKnownFileType = sourcecode.swift; path = QuickShortcutsView.swift; sourceTree = "<group>"; };
/* End PBXFileReference section */

/* Begin PBXFrameworksBuildPhase section */
		BE1FA49F2B04CBEE00FF9E0F /* Frameworks */ = {
			isa = PBXFrameworksBuildPhase;
			buildActionMask = 2147483647;
			files = (
			);
			runOnlyForDeploymentPostprocessing = 0;
		};
/* End PBXFrameworksBuildPhase section */

/* Begin PBXGroup section */
		BE1FA4992B04CBEE00FF9E0F = {
			isa = PBXGroup;
			children = (
				BECF786F2B0B5D62005CD836 /* QuickShortcutsView.swift */,
				BECF786D2B0B5BAA005CD836 /* TextToAudioView.swift */,
				BE1FA4B72B04D86C00FF9E0F /* GalleryView.swift */,
				BE1FA4B52B04D83400FF9E0F /* AutomationView.swift */,
				BE1FA4B32B04D81D00FF9E0F /* ShortcutView.swift */,
				BE1FA4A42B04CBEE00FF9E0F /* Shortcut */,
				BE1FA4A32B04CBEE00FF9E0F /* Products */,
			);
			sourceTree = "<group>";
		};
		BE1FA4A32B04CBEE00FF9E0F /* Products */ = {
			isa = PBXGroup;
			children = (
				BE1FA4A22B04CBEE00FF9E0F /* Shortcut.app */,
			);
			name = Products;
			sourceTree = "<group>";
		};
		BE1FA4A42B04CBEE00FF9E0F /* Shortcut */ = {
			isa = PBXGroup;
			children = (
				BE1FA4A52B04CBEE00FF9E0F /* ShortcutApp.swift */,
				BE1FA4A72B04CBEE00FF9E0F /* ContentView.swift */,
				BE1FA4A92B04CBEE00FF9E0F /* Assets.xcassets */,
				BE1FA4AB2B04CBEE00FF9E0F /* Preview Content */,
			);
			path = Shortcut;
			sourceTree = "<group>";
		};
		BE1FA4AB2B04CBEE00FF9E0F /* Preview Content */ = {
			isa = PBXGroup;
			children = (
				BE1FA4AC2B04CBEE00FF9E0F /* Preview Assets.xcassets */,
			);
			path = "Preview Content";
			sourceTree = "<group>";
		};
/* End PBXGroup section */

/* Begin PBXNativeTarget section */
		BE1FA4A12B04CBEE00FF9E0F /* Shortcut */ = {
			isa = PBXNativeTarget;
			buildConfigurationList = BE1FA4B02B04CBEE00FF9E0F /* Build configuration list for PBXNativeTarget "Shortcut" */;
			buildPhases = (
				BE1FA49E2B04CBEE00FF9E0F /* Sources */,
				BE1FA49F2B04CBEE00FF9E0F /* Frameworks */,
				BE1FA4A02B04CBEE00FF9E0F /* Resources */,
			);
			buildRules = (
			);
			dependencies = (
			);
			name = Shortcut;
			productName = Shortcut;
			productReference = BE1FA4A22B04CBEE00FF9E0F /* Shortcut.app */;
			productType = "com.apple.product-type.application";
		};
/* End PBXNativeTarget section */

/* Begin PBXProject section */
		BE1FA49A2B04CBEE00FF9E0F /* Project object */ = {
			isa = PBXProject;
			attributes = {
				BuildIndependentTargetsInParallel = 1;
				LastSwiftUpdateCheck = 1500;
				LastUpgradeCheck = 1500;
				TargetAttributes = {
					BE1FA4A12B04CBEE00FF9E0F = {
						CreatedOnToolsVersion = 15.0.1;
					};
				};
			};
			buildConfigurationList = BE1FA49D2B04CBEE00FF9E0F /* Build configuration list for PBXProject "Shortcut" */;
			compatibilityVersion = "Xcode 14.0";
			developmentRegion = en;
			hasScannedForEncodings = 0;
			knownRegions = (
				en,
				Base,
			);
			mainGroup = BE1FA4992B04CBEE00FF9E0F;
			productRefGroup = BE1FA4A32B04CBEE00FF9E0F /* Products */;
			projectDirPath = "";
			projectRoot = "";
			targets = (
				BE1FA4A12B04CBEE00FF9E0F /* Shortcut */,
			);
		};
/* End PBXProject section */

/* Begin PBXResourcesBuildPhase section */
		BE1FA4A02B04CBEE00FF9E0F /* Resources */ = {
			isa = PBXResourcesBuildPhase;
			buildActionMask = 2147483647;
			files = (
				BE1FA4AD2B04CBEE00FF9E0F /* Preview Assets.xcassets in Resources */,
				BE1FA4AA2B04CBEE00FF9E0F /* Assets.xcassets in Resources */,
			);
			runOnlyForDeploymentPostprocessing = 0;
		};
/* End PBXResourcesBuildPhase section */

/* Begin PBXSourcesBuildPhase section */
		BE1FA49E2B04CBEE00FF9E0F /* Sources */ = {
			isa = PBXSourcesBuildPhase;
			buildActionMask = 2147483647;
			files = (
				BECF78702B0B5D62005CD836 /* QuickShortcutsView.swift in Sources */,
				BE1FA4B42B04D81D00FF9E0F /* ShortcutView.swift in Sources */,
				BECF786E2B0B5BAA005CD836 /* TextToAudioView.swift in Sources */,
				BE1FA4A82B04CBEE00FF9E0F /* ContentView.swift in Sources */,
				BE1FA4B62B04D83400FF9E0F /* AutomationView.swift in Sources */,
				BE1FA4A62B04CBEE00FF9E0F /* ShortcutApp.swift in Sources */,
				BE1FA4B82B04D86C00FF9E0F /* GalleryView.swift in Sources */,
			);
			runOnlyForDeploymentPostprocessing = 0;
		};
/* End PBXSourcesBuildPhase section */

/* Begin XCBuildConfiguration section */
		BE1FA4AE2B04CBEE00FF9E0F /* Debug */ = {
			isa = XCBuildConfiguration;
			buildSettings = {
				ALWAYS_SEARCH_USER_PATHS = NO;
				ASSETCATALOG_COMPILER_GENERATE_SWIFT_ASSET_SYMBOL_EXTENSIONS = YES;
				CLANG_ANALYZER_NONNULL = YES;
				CLANG_ANALYZER_NUMBER_OBJECT_CONVERSION = YES_AGGRESSIVE;
				CLANG_CXX_LANGUAGE_STANDARD = "gnu++20";
				CLANG_ENABLE_MODULES = YES;
				CLANG_ENABLE_OBJC_ARC = YES;
				CLANG_ENABLE_OBJC_WEAK = YES;
				CLANG_WARN_BLOCK_CAPTURE_AUTORELEASING = YES;
				CLANG_WARN_BOOL_CONVERSION = YES;
				CLANG_WARN_COMMA = YES;
				CLANG_WARN_CONSTANT_CONVERSION = YES;
				CLANG_WARN_DEPRECATED_OBJC_IMPLEMENTATIONS = YES;
				CLANG_WARN_DIRECT_OBJC_ISA_USAGE = YES_ERROR;
				CLANG_WARN_DOCUMENTATION_COMMENTS = YES;
				CLANG_WARN_EMPTY_BODY = YES;
				CLANG_WARN_ENUM_CONVERSION = YES;
				CLANG_WARN_INFINITE_RECURSION = YES;
				CLANG_WARN_INT_CONVERSION = YES;
				CLANG_WARN_NON_LITERAL_NULL_CONVERSION = YES;
				CLANG_WARN_OBJC_IMPLICIT_RETAIN_SELF = YES;
				CLANG_WARN_OBJC_LITERAL_CONVERSION = YES;
				CLANG_WARN_OBJC_ROOT_CLASS = YES_ERROR;
				CLANG_WARN_QUOTED_INCLUDE_IN_FRAMEWORK_HEADER = YES;
				CLANG_WARN_RANGE_LOOP_ANALYSIS = YES;
				CLANG_WARN_STRICT_PROTOTYPES = YES;
				CLANG_WARN_SUSPICIOUS_MOVE = YES;
				CLANG_WARN_UNGUARDED_AVAILABILITY = YES_AGGRESSIVE;
				CLANG_WARN_UNREACHABLE_CODE = YES;
				CLANG_WARN__DUPLICATE_METHOD_MATCH = YES;
				COPY_PHASE_STRIP = NO;
				DEBUG_INFORMATION_FORMAT = dwarf;
				ENABLE_STRICT_OBJC_MSGSEND = YES;
				ENABLE_TESTABILITY = YES;
				ENABLE_USER_SCRIPT_SANDBOXING = YES;
				GCC_C_LANGUAGE_STANDARD = gnu17;
				GCC_DYNAMIC_NO_PIC = NO;
				GCC_NO_COMMON_BLOCKS = YES;
				GCC_OPTIMIZATION_LEVEL = 0;
				GCC_PREPROCESSOR_DEFINITIONS = (
					"DEBUG=1",
					"$(inherited)",
				);
				GCC_WARN_64_TO_32_BIT_CONVERSION = YES;
				GCC_WARN_ABOUT_RETURN_TYPE = YES_ERROR;
				GCC_WARN_UNDECLARED_SELECTOR = YES;
				GCC_WARN_UNINITIALIZED_AUTOS = YES_AGGRESSIVE;
				GCC_WARN_UNUSED_FUNCTION = YES;
				GCC_WARN_UNUSED_VARIABLE = YES;
				IPHONEOS_DEPLOYMENT_TARGET = 17.0;
				LOCALIZATION_PREFERS_STRING_CATALOGS = YES;
				MTL_ENABLE_DEBUG_INFO = INCLUDE_SOURCE;
				MTL_FAST_MATH = YES;
				ONLY_ACTIVE_ARCH = YES;
				SDKROOT = iphoneos;
				SWIFT_ACTIVE_COMPILATION_CONDITIONS = "DEBUG $(inherited)";
				SWIFT_OPTIMIZATION_LEVEL = "-Onone";
			};
			name = Debug;
		};
		BE1FA4AF2B04CBEE00FF9E0F /* Release */ = {
			isa = XCBuildConfiguration;
			buildSettings = {
				ALWAYS_SEARCH_USER_PATHS = NO;
				ASSETCATALOG_COMPILER_GENERATE_SWIFT_ASSET_SYMBOL_EXTENSIONS = YES;
				CLANG_ANALYZER_NONNULL = YES;
				CLANG_ANALYZER_NUMBER_OBJECT_CONVERSION = YES_AGGRESSIVE;
				CLANG_CXX_LANGUAGE_STANDARD = "gnu++20";
				CLANG_ENABLE_MODULES = YES;
				CLANG_ENABLE_OBJC_ARC = YES;
				CLANG_ENABLE_OBJC_WEAK = YES;
				CLANG_WARN_BLOCK_CAPTURE_AUTORELEASING = YES;
				CLANG_WARN_BOOL_CONVERSION = YES;
				CLANG_WARN_COMMA = YES;
				CLANG_WARN_CONSTANT_CONVERSION = YES;
				CLANG_WARN_DEPRECATED_OBJC_IMPLEMENTATIONS = YES;
				CLANG_WARN_DIRECT_OBJC_ISA_USAGE = YES_ERROR;
				CLANG_WARN_DOCUMENTATION_COMMENTS = YES;
				CLANG_WARN_EMPTY_BODY = YES;
				CLANG_WARN_ENUM_CONVERSION = YES;
				CLANG_WARN_INFINITE_RECURSION = YES;
				CLANG_WARN_INT_CONVERSION = YES;
				CLANG_WARN_NON_LITERAL_NULL_CONVERSION = YES;
				CLANG_WARN_OBJC_IMPLICIT_RETAIN_SELF = YES;
				CLANG_WARN_OBJC_LITERAL_CONVERSION = YES;
				CLANG_WARN_OBJC_ROOT_CLASS = YES_ERROR;
				CLANG_WARN_QUOTED_INCLUDE_IN_FRAMEWORK_HEADER = YES;
				CLANG_WARN_RANGE_LOOP_ANALYSIS = YES;
				CLANG_WARN_STRICT_PROTOTYPES = YES;
				CLANG_WARN_SUSPICIOUS_MOVE = YES;
				CLANG_WARN_UNGUARDED_AVAILABILITY = YES_AGGRESSIVE;
				CLANG_WARN_UNREACHABLE_CODE = YES;
				CLANG_WARN__DUPLICATE_METHOD_MATCH = YES;
				COPY_PHASE_STRIP = NO;
				DEBUG_INFORMATION_FORMAT = "dwarf-with-dsym";
				ENABLE_NS_ASSERTIONS = NO;
				ENABLE_STRICT_OBJC_MSGSEND = YES;
				ENABLE_USER_SCRIPT_SANDBOXING = YES;
				GCC_C_LANGUAGE_STANDARD = gnu17;
				GCC_NO_COMMON_BLOCKS = YES;
				GCC_WARN_64_TO_32_BIT_CONVERSION = YES;
				GCC_WARN_ABOUT_RETURN_TYPE = YES_ERROR;
				GCC_WARN_UNDECLARED_SELECTOR = YES;
				GCC_WARN_UNINITIALIZED_AUTOS = YES_AGGRESSIVE;
				GCC_WARN_UNUSED_FUNCTION = YES;
				GCC_WARN_UNUSED_VARIABLE = YES;
				IPHONEOS_DEPLOYMENT_TARGET = 17.0;
				LOCALIZATION_PREFERS_STRING_CATALOGS = YES;
				MTL_ENABLE_DEBUG_INFO = NO;
				MTL_FAST_MATH = YES;
				SDKROOT = iphoneos;
				SWIFT_COMPILATION_MODE = wholemodule;
				VALIDATE_PRODUCT = YES;
			};
			name = Release;
		};
		BE1FA4B12B04CBEE00FF9E0F /* Debug */ = {
			isa = XCBuildConfiguration;
			buildSettings = {
				ASSETCATALOG_COMPILER_APPICON_NAME = AppIcon;
				ASSETCATALOG_COMPILER_GLOBAL_ACCENT_COLOR_NAME = AccentColor;
				CODE_SIGN_STYLE = Automatic;
				CURRENT_PROJECT_VERSION = 1;
				DEVELOPMENT_ASSET_PATHS = "\"Shortcut/Preview Content\"";
				DEVELOPMENT_TEAM = AWX4HJ7JT5;
				ENABLE_PREVIEWS = YES;
				GENERATE_INFOPLIST_FILE = YES;
				INFOPLIST_KEY_UIApplicationSceneManifest_Generation = YES;
				INFOPLIST_KEY_UIApplicationSupportsIndirectInputEvents = YES;
				INFOPLIST_KEY_UILaunchScreen_Generation = YES;
				INFOPLIST_KEY_UISupportedInterfaceOrientations_iPad = "UIInterfaceOrientationPortrait UIInterfaceOrientationPortraitUpsideDown UIInterfaceOrientationLandscapeLeft UIInterfaceOrientationLandscapeRight";
				INFOPLIST_KEY_UISupportedInterfaceOrientations_iPhone = "UIInterfaceOrientationPortrait UIInterfaceOrientationLandscapeLeft UIInterfaceOrientationLandscapeRight";
				LD_RUNPATH_SEARCH_PATHS = (
					"$(inherited)",
					"@executable_path/Frameworks",
				);
				MARKETING_VERSION = 1.0;
				PRODUCT_BUNDLE_IDENTIFIER = "developer-academy.Shortcut";
				PRODUCT_NAME = "$(TARGET_NAME)";
				SWIFT_EMIT_LOC_STRINGS = YES;
				SWIFT_VERSION = 5.0;
				TARGETED_DEVICE_FAMILY = "1,2";
			};
			name = Debug;
		};
		BE1FA4B22B04CBEE00FF9E0F /* Release */ = {
			isa = XCBuildConfiguration;
			buildSettings = {
				ASSETCATALOG_COMPILER_APPICON_NAME = AppIcon;
				ASSETCATALOG_COMPILER_GLOBAL_ACCENT_COLOR_NAME = AccentColor;
				CODE_SIGN_STYLE = Automatic;
				CURRENT_PROJECT_VERSION = 1;
				DEVELOPMENT_ASSET_PATHS = "\"Shortcut/Preview Content\"";
				DEVELOPMENT_TEAM = AWX4HJ7JT5;
				ENABLE_PREVIEWS = YES;
				GENERATE_INFOPLIST_FILE = YES;
				INFOPLIST_KEY_UIApplicationSceneManifest_Generation = YES;
				INFOPLIST_KEY_UIApplicationSupportsIndirectInputEvents = YES;
				INFOPLIST_KEY_UILaunchScreen_Generation = YES;
				INFOPLIST_KEY_UISupportedInterfaceOrientations_iPad = "UIInterfaceOrientationPortrait UIInterfaceOrientationPortraitUpsideDown UIInterfaceOrientationLandscapeLeft UIInterfaceOrientationLandscapeRight";
				INFOPLIST_KEY_UISupportedInterfaceOrientations_iPhone = "UIInterfaceOrientationPortrait UIInterfaceOrientationLandscapeLeft UIInterfaceOrientationLandscapeRight";
				LD_RUNPATH_SEARCH_PATHS = (
					"$(inherited)",
					"@executable_path/Frameworks",
				);
				MARKETING_VERSION = 1.0;
				PRODUCT_BUNDLE_IDENTIFIER = "developer-academy.Shortcut";
				PRODUCT_NAME = "$(TARGET_NAME)";
				SWIFT_EMIT_LOC_STRINGS = YES;
				SWIFT_VERSION = 5.0;
				TARGETED_DEVICE_FAMILY = "1,2";
			};
			name = Release;
		};
/* End XCBuildConfiguration section */

/* Begin XCConfigurationList section */
		BE1FA49D2B04CBEE00FF9E0F /* Build configuration list for PBXProject "Shortcut" */ = {
			isa = XCConfigurationList;
			buildConfigurations = (
				BE1FA4AE2B04CBEE00FF9E0F /* Debug */,
				BE1FA4AF2B04CBEE00FF9E0F /* Release */,
			);
			defaultConfigurationIsVisible = 0;
			defaultConfigurationName = Release;
		};
		BE1FA4B02B04CBEE00FF9E0F /* Build configuration list for PBXNativeTarget "Shortcut" */ = {
			isa = XCConfigurationList;
			buildConfigurations = (
				BE1FA4B12B04CBEE00FF9E0F /* Debug */,
				BE1FA4B22B04CBEE00FF9E0F /* Release */,
			);
			defaultConfigurationIsVisible = 0;
			defaultConfigurationName = Release;
		};
/* End XCConfigurationList section */
	};
	rootObject = BE1FA49A2B04CBEE00FF9E0F /* Project object */;
}
